
Microsoft Visual Studio Solution File, Format Version 12.00
# Visual Studio Version 16
VisualStudioVersion = 16.0.29424.173
MinimumVisualStudioVersion = 10.0.40219.1
Project("{FAE04EC0-301F-11D3-BF4B-00C04F79EFBC}") = "Mathtastic Voyage", "Mathtastic Voyage.csproj", "{8AA084C7-D1CC-445B-82E0-72B572C72076}"
EndProject
Global
	GlobalSection(SolutionConfigurationPlatforms) = preSolution
		Debug|Any CPU = Debug|Any CPU
		Release|Any CPU = Release|Any CPU
	EndGlobalSection
	GlobalSection(ProjectConfigurationPlatforms) = postSolution
		{8AA084C7-D1CC-445B-82E0-72B572C72076}.Debug|Any CPU.ActiveCfg = Debug|Any CPU
		{8AA084C7-D1CC-445B-82E0-72B572C72076}.Debug|Any CPU.Build.0 = Debug|Any CPU
		{8AA084C7-D1CC-445B-82E0-72B572C72076}.Release|Any CPU.ActiveCfg = Release|Any CPU
		{8AA084C7-D1CC-445B-82E0-72B572C72076}.Release|Any CPU.Build.0 = Release|Any CPU
	EndGlobalSection
	GlobalSection(SolutionProperties) = preSolution
		HideSolutionNode = FALSE
	EndGlobalSection
	GlobalSection(ExtensibilityGlobals) = postSolution
		SolutionGuid = {8C57AC0C-815C-4D3E-ABE3-89072E2E75B7}
	EndGlobalSection
EndGlobal
